// !$*UTF8*$!
{
	archiveVersion = 1;
	classes = {
	};
	objectVersion = 46;
	objects = {

/* Begin PBXBuildFile section */
		CFB238951C7DAF2600D86DE2 /* main.m in Sources */ = {isa = PBXBuildFile; fileRef = CFB238941C7DAF2600D86DE2 /* main.m */; };
		CFB238981C7DAF2600D86DE2 /* AppDelegate.m in Sources */ = {isa = PBXBuildFile; fileRef = CFB238971C7DAF2600D86DE2 /* AppDelegate.m */; };
		CFB2389B1C7DAF2600D86DE2 /* ViewController.m in Sources */ = {isa = PBXBuildFile; fileRef = CFB2389A1C7DAF2600D86DE2 /* ViewController.m */; };
		CFB2389E1C7DAF2600D86DE2 /* Main.storyboard in Resources */ = {isa = PBXBuildFile; fileRef = CFB2389C1C7DAF2600D86DE2 /* Main.storyboard */; };
		CFB238A01C7DAF2600D86DE2 /* Assets.xcassets in Resources */ = {isa = PBXBuildFile; fileRef = CFB2389F1C7DAF2600D86DE2 /* Assets.xcassets */; };
		CFB238A31C7DAF2600D86DE2 /* LaunchScreen.storyboard in Resources */ = {isa = PBXBuildFile; fileRef = CFB238A11C7DAF2600D86DE2 /* LaunchScreen.storyboard */; };
		CFB238AE1C7DAF2600D86DE2 /* Demo6_SliceTests.m in Sources */ = {isa = PBXBuildFile; fileRef = CFB238AD1C7DAF2600D86DE2 /* Demo6_SliceTests.m */; };
		CFB238B91C7DAF2600D86DE2 /* Demo6_SliceUITests.m in Sources */ = {isa = PBXBuildFile; fileRef = CFB238B81C7DAF2600D86DE2 /* Demo6_SliceUITests.m */; };
/* End PBXBuildFile section */

/* Begin PBXContainerItemProxy section */
		CFB238AA1C7DAF2600D86DE2 /* PBXContainerItemProxy */ = {
			isa = PBXContainerItemProxy;
			containerPortal = CFB238881C7DAF2600D86DE2 /* Project object */;
			proxyType = 1;
			remoteGlobalIDString = CFB2388F1C7DAF2600D86DE2;
			remoteInfo = Demo6_Slice;
		};
		CFB238B51C7DAF2600D86DE2 /* PBXContainerItemProxy */ = {
			isa = PBXContainerItemProxy;
			containerPortal = CFB238881C7DAF2600D86DE2 /* Project object */;
			proxyType = 1;
			remoteGlobalIDString = CFB2388F1C7DAF2600D86DE2;
			remoteInfo = Demo6_Slice;
		};
/* End PBXContainerItemProxy section */

/* Begin PBXFileReference section */
		CFB238901C7DAF2600D86DE2 /* Demo6_Slice.app */ = {isa = PBXFileReference; explicitFileType = wrapper.application; includeInIndex = 0; path = Demo6_Slice.app; sourceTree = BUILT_PRODUCTS_DIR; };
		CFB238941C7DAF2600D86DE2 /* main.m */ = {isa = PBXFileReference; lastKnownFileType = sourcecode.c.objc; path = main.m; sourceTree = "<group>"; };
		CFB238961C7DAF2600D86DE2 /* AppDelegate.h */ = {isa = PBXFileReference; lastKnownFileType = sourcecode.c.h; path = AppDelegate.h; sourceTree = "<group>"; };
		CFB238971C7DAF2600D86DE2 /* AppDelegate.m */ = {isa = PBXFileReference; lastKnownFileType = sourcecode.c.objc; path = AppDelegate.m; sourceTree = "<group>"; };
		CFB238991C7DAF2600D86DE2 /* ViewController.h */ = {isa = PBXFileReference; lastKnownFileType = sourcecode.c.h; path = ViewController.h; sourceTree = "<group>"; };
		CFB2389A1C7DAF2600D86DE2 /* ViewController.m */ = {isa = PBXFileReference; lastKnownFileType = sourcecode.c.objc; path = ViewController.m; sourceTree = "<group>"; };
		CFB2389D1C7DAF2600D86DE2 /* Base */ = {isa = PBXFileReference; lastKnownFileType = file.storyboard; name = Base; path = Base.lproj/Main.storyboard; sourceTree = "<group>"; };
		CFB2389F1C7DAF2600D86DE2 /* Assets.xcassets */ = {isa = PBXFileReference; lastKnownFileType = folder.assetcatalog; path = Assets.xcassets; sourceTree = "<group>"; };
		CFB238A21C7DAF2600D86DE2 /* Base */ = {isa = PBXFileReference; lastKnownFileType = file.storyboard; name = Base; path = Base.lproj/LaunchScreen.storyboard; sourceTree = "<group>"; };
		CFB238A41C7DAF2600D86DE2 /* Info.plist */ = {isa = PBXFileReference; lastKnownFileType = text.plist.xml; path = Info.plist; sourceTree = "<group>"; };
		CFB238A91C7DAF2600D86DE2 /* Demo6_SliceTests.xctest */ = {isa = PBXFileReference; explicitFileType = wrapper.cfbundle; includeInIndex = 0; path = Demo6_SliceTests.xctest; sourceTree = BUILT_PRODUCTS_DIR; };
		CFB238AD1C7DAF2600D86DE2 /* Demo6_SliceTests.m */ = {isa = PBXFileReference; lastKnownFileType = sourcecode.c.objc; path = Demo6_SliceTests.m; sourceTree = "<group>"; };
		CFB238AF1C7DAF2600D86DE2 /* Info.plist */ = {isa = PBXFileReference; lastKnownFileType = text.plist.xml; path = Info.plist; sourceTree = "<group>"; };
		CFB238B41C7DAF2600D86DE2 /* Demo6_SliceUITests.xctest */ = {isa = PBXFileReference; explicitFileType = wrapper.cfbundle; includeInIndex = 0; path = Demo6_SliceUITests.xctest; sourceTree = BUILT_PRODUCTS_DIR; };
		CFB238B81C7DAF2600D86DE2 /* Demo6_SliceUITests.m */ = {isa = PBXFileReference; lastKnownFileType = sourcecode.c.objc; path = Demo6_SliceUITests.m; sourceTree = "<group>"; };
		CFB238BA1C7DAF2600D86DE2 /* Info.plist */ = {isa = PBXFileReference; lastKnownFileType = text.plist.xml; path = Info.plist; sourceTree = "<group>"; };
/* End PBXFileReference section */

/* Begin PBXFrameworksBuildPhase section */
		CFB2388D1C7DAF2600D86DE2 /* Frameworks */ = {
			isa = PBXFrameworksBuildPhase;
			buildActionMask = 2147483647;
			files = (
			);
			runOnlyForDeploymentPostprocessing = 0;
		};
		CFB238A61C7DAF2600D86DE2 /* Frameworks */ = {
			isa = PBXFrameworksBuildPhase;
			buildActionMask = 2147483647;
			files = (
			);
			runOnlyForDeploymentPostprocessing = 0;
		};
		CFB238B11C7DAF2600D86DE2 /* Frameworks */ = {
			isa = PBXFrameworksBuildPhase;
			buildActionMask = 2147483647;
			files = (
			);
			runOnlyForDeploymentPostprocessing = 0;
		};
/* End PBXFrameworksBuildPhase section */

/* Begin PBXGroup section */
		CFB238871C7DAF2600D86DE2 = {
			isa = PBXGroup;
			children = (
				CFB238921C7DAF2600D86DE2 /* Demo6_Slice */,
				CFB238AC1C7DAF2600D86DE2 /* Demo6_SliceTests */,
				CFB238B71C7DAF2600D86DE2 /* Demo6_SliceUITests */,
				CFB238911C7DAF2600D86DE2 /* Products */,
			);
			sourceTree = "<group>";
		};
		CFB238911C7DAF2600D86DE2 /* Products */ = {
			isa = PBXGroup;
			children = (
				CFB238901C7DAF2600D86DE2 /* Demo6_Slice.app */,
				CFB238A91C7DAF2600D86DE2 /* Demo6_SliceTests.xctest */,
				CFB238B41C7DAF2600D86DE2 /* Demo6_SliceUITests.xctest */,
			);
			name = Products;
			sourceTree = "<group>";
		};
		CFB238921C7DAF2600D86DE2 /* Demo6_Slice */ = {
			isa = PBXGroup;
			children = (
				CFB238961C7DAF2600D86DE2 /* AppDelegate.h */,
				CFB238971C7DAF2600D86DE2 /* AppDelegate.m */,
				CFB238991C7DAF2600D86DE2 /* ViewController.h */,
				CFB2389A1C7DAF2600D86DE2 /* ViewController.m */,
				CFB2389C1C7DAF2600D86DE2 /* Main.storyboard */,
				CFB2389F1C7DAF2600D86DE2 /* Assets.xcassets */,
				CFB238A11C7DAF2600D86DE2 /* LaunchScreen.storyboard */,
				CFB238A41C7DAF2600D86DE2 /* Info.plist */,
				CFB238931C7DAF2600D86DE2 /* Supporting Files */,
			);
			path = Demo6_Slice;
			sourceTree = "<group>";
		};
		CFB238931C7DAF2600D86DE2 /* Supporting Files */ = {
			isa = PBXGroup;
			children = (
				CFB238941C7DAF2600D86DE2 /* main.m */,
			);
			name = "Supporting Files";
			sourceTree = "<group>";
		};
		CFB238AC1C7DAF2600D86DE2 /* Demo6_SliceTests */ = {
			isa = PBXGroup;
			children = (
				CFB238AD1C7DAF2600D86DE2 /* Demo6_SliceTests.m */,
				CFB238AF1C7DAF2600D86DE2 /* Info.plist */,
			);
			path = Demo6_SliceTests;
			sourceTree = "<group>";
		};
		CFB238B71C7DAF2600D86DE2 /* Demo6_SliceUITests */ = {
			isa = PBXGroup;
			children = (
				CFB238B81C7DAF2600D86DE2 /* Demo6_SliceUITests.m */,
				CFB238BA1C7DAF2600D86DE2 /* Info.plist */,
			);
			path = Demo6_SliceUITests;
			sourceTree = "<group>";
		};
/* End PBXGroup section */

/* Begin PBXNativeTarget section */
		CFB2388F1C7DAF2600D86DE2 /* Demo6_Slice */ = {
			isa = PBXNativeTarget;
			buildConfigurationList = CFB238BD1C7DAF2600D86DE2 /* Build configuration list for PBXNativeTarget "Demo6_Slice" */;
			buildPhases = (
				CFB2388C1C7DAF2600D86DE2 /* Sources */,
				CFB2388D1C7DAF2600D86DE2 /* Frameworks */,
				CFB2388E1C7DAF2600D86DE2 /* Resources */,
			);
			buildRules = (
			);
			dependencies = (
			);
			name = Demo6_Slice;
			productName = Demo6_Slice;
			productReference = CFB238901C7DAF2600D86DE2 /* Demo6_Slice.app */;
			productType = "com.apple.product-type.application";
		};
		CFB238A81C7DAF2600D86DE2 /* Demo6_SliceTests */ = {
			isa = PBXNativeTarget;
			buildConfigurationList = CFB238C01C7DAF2600D86DE2 /* Build configuration list for PBXNativeTarget "Demo6_SliceTests" */;
			buildPhases = (
				CFB238A51C7DAF2600D86DE2 /* Sources */,
				CFB238A61C7DAF2600D86DE2 /* Frameworks */,
				CFB238A71C7DAF2600D86DE2 /* Resources */,
			);
			buildRules = (
			);
			dependencies = (
				CFB238AB1C7DAF2600D86DE2 /* PBXTargetDependency */,
			);
			name = Demo6_SliceTests;
			productName = Demo6_SliceTests;
			productReference = CFB238A91C7DAF2600D86DE2 /* Demo6_SliceTests.xctest */;
			productType = "com.apple.product-type.bundle.unit-test";
		};
		CFB238B31C7DAF2600D86DE2 /* Demo6_SliceUITests */ = {
			isa = PBXNativeTarget;
			buildConfigurationList = CFB238C31C7DAF2600D86DE2 /* Build configuration list for PBXNativeTarget "Demo6_SliceUITests" */;
			buildPhases = (
				CFB238B01C7DAF2600D86DE2 /* Sources */,
				CFB238B11C7DAF2600D86DE2 /* Frameworks */,
				CFB238B21C7DAF2600D86DE2 /* Resources */,
			);
			buildRules = (
			);
			dependencies = (
				CFB238B61C7DAF2600D86DE2 /* PBXTargetDependency */,
			);
			name = Demo6_SliceUITests;
			productName = Demo6_SliceUITests;
			productReference = CFB238B41C7DAF2600D86DE2 /* Demo6_SliceUITests.xctest */;
			productType = "com.apple.product-type.bundle.ui-testing";
		};
/* End PBXNativeTarget section */

/* Begin PBXProject section */
		CFB238881C7DAF2600D86DE2 /* Project object */ = {
			isa = PBXProject;
			attributes = {
				LastUpgradeCheck = 0720;
				ORGANIZATIONNAME = jiangsu;
				TargetAttributes = {
					CFB2388F1C7DAF2600D86DE2 = {
						CreatedOnToolsVersion = 7.2.1;
						DevelopmentTeam = 4SU7V64Q9J;
					};
					CFB238A81C7DAF2600D86DE2 = {
						CreatedOnToolsVersion = 7.2.1;
						DevelopmentTeam = 4SU7V64Q9J;
						TestTargetID = CFB2388F1C7DAF2600D86DE2;
					};
					CFB238B31C7DAF2600D86DE2 = {
						CreatedOnToolsVersion = 7.2.1;
						DevelopmentTeam = 4SU7V64Q9J;
						TestTargetID = CFB2388F1C7DAF2600D86DE2;
					};
				};
			};
			buildConfigurationList = CFB2388B1C7DAF2600D86DE2 /* Build configuration list for PBXProject "Demo6_Slice" */;
			compatibilityVersion = "Xcode 3.2";
			developmentRegion = English;
			hasScannedForEncodings = 0;
			knownRegions = (
				en,
				Base,
			);
			mainGroup = CFB238871C7DAF2600D86DE2;
			productRefGroup = CFB238911C7DAF2600D86DE2 /* Products */;
			projectDirPath = "";
			projectRoot = "";
			targets = (
				CFB2388F1C7DAF2600D86DE2 /* Demo6_Slice */,
				CFB238A81C7DAF2600D86DE2 /* Demo6_SliceTests */,
				CFB238B31C7DAF2600D86DE2 /* Demo6_SliceUITests */,
			);
		};
/* End PBXProject section */

/* Begin PBXResourcesBuildPhase section */
		CFB2388E1C7DAF2600D86DE2 /* Resources */ = {
			isa = PBXResourcesBuildPhase;
			buildActionMask = 2147483647;
			files = (
				CFB238A31C7DAF2600D86DE2 /* LaunchScreen.storyboard in Resources */,
				CFB238A01C7DAF2600D86DE2 /* Assets.xcassets in Resources */,
				CFB2389E1C7DAF2600D86DE2 /* Main.storyboard in Resources */,
			);
			runOnlyForDeploymentPostprocessing = 0;
		};
		CFB238A71C7DAF2600D86DE2 /* Resources */ = {
			isa = PBXResourcesBuildPhase;
			buildActionMask = 2147483647;
			files = (
			);
			runOnlyForDeploymentPostprocessing = 0;
		};
		CFB238B21C7DAF2600D86DE2 /* Resources */ = {
			isa = PBXResourcesBuildPhase;
			buildActionMask = 2147483647;
			files = (
			);
			runOnlyForDeploymentPostprocessing = 0;
		};
/* End PBXResourcesBuildPhase section */

/* Begin PBXSourcesBuildPhase section */
		CFB2388C1C7DAF2600D86DE2 /* Sources */ = {
			isa = PBXSourcesBuildPhase;
			buildActionMask = 2147483647;
			files = (
				CFB2389B1C7DAF2600D86DE2 /* ViewController.m in Sources */,
				CFB238981C7DAF2600D86DE2 /* AppDelegate.m in Sources */,
				CFB238951C7DAF2600D86DE2 /* main.m in Sources */,
			);
			runOnlyForDeploymentPostprocessing = 0;
		};
		CFB238A51C7DAF2600D86DE2 /* Sources */ = {
			isa = PBXSourcesBuildPhase;
			buildActionMask = 2147483647;
			files = (
				CFB238AE1C7DAF2600D86DE2 /* Demo6_SliceTests.m in Sources */,
			);
			runOnlyForDeploymentPostprocessing = 0;
		};
		CFB238B01C7DAF2600D86DE2 /* Sources */ = {
			isa = PBXSourcesBuildPhase;
			buildActionMask = 2147483647;
			files = (
				CFB238B91C7DAF2600D86DE2 /* Demo6_SliceUITests.m in Sources */,
			);
			runOnlyForDeploymentPostprocessing = 0;
		};
/* End PBXSourcesBuildPhase section */

/* Begin PBXTargetDependency section */
		CFB238AB1C7DAF2600D86DE2 /* PBXTargetDependency */ = {
			isa = PBXTargetDependency;
			target = CFB2388F1C7DAF2600D86DE2 /* Demo6_Slice */;
			targetProxy = CFB238AA1C7DAF2600D86DE2 /* PBXContainerItemProxy */;
		};
		CFB238B61C7DAF2600D86DE2 /* PBXTargetDependency */ = {
			isa = PBXTargetDependency;
			target = CFB2388F1C7DAF2600D86DE2 /* Demo6_Slice */;
			targetProxy = CFB238B51C7DAF2600D86DE2 /* PBXContainerItemProxy */;
		};
/* End PBXTargetDependency section */

/* Begin PBXVariantGroup section */
		CFB2389C1C7DAF2600D86DE2 /* Main.storyboard */ = {
			isa = PBXVariantGroup;
			children = (
				CFB2389D1C7DAF2600D86DE2 /* Base */,
			);
			name = Main.storyboard;
			sourceTree = "<group>";
		};
		CFB238A11C7DAF2600D86DE2 /* LaunchScreen.storyboard */ = {
			isa = PBXVariantGroup;
			children = (
				CFB238A21C7DAF2600D86DE2 /* Base */,
			);
			name = LaunchScreen.storyboard;
			sourceTree = "<group>";
		};
/* End PBXVariantGroup section */

/* Begin XCBuildConfiguration section */
		CFB238BB1C7DAF2600D86DE2 /* Debug */ = {
			isa = XCBuildConfiguration;
			buildSettings = {
				ALWAYS_SEARCH_USER_PATHS = NO;
				CLANG_CXX_LANGUAGE_STANDARD = "gnu++0x";
				CLANG_CXX_LIBRARY = "libc++";
				CLANG_ENABLE_MODULES = YES;
				CLANG_ENABLE_OBJC_ARC = YES;
				CLANG_WARN_BOOL_CONVERSION = YES;
				CLANG_WARN_CONSTANT_CONVERSION = YES;
				CLANG_WARN_DIRECT_OBJC_ISA_USAGE = YES_ERROR;
				CLANG_WARN_EMPTY_BODY = YES;
				CLANG_WARN_ENUM_CONVERSION = YES;
				CLANG_WARN_INT_CONVERSION = YES;
				CLANG_WARN_OBJC_ROOT_CLASS = YES_ERROR;
				CLANG_WARN_UNREACHABLE_CODE = YES;
				CLANG_WARN__DUPLICATE_METHOD_MATCH = YES;
				"CODE_SIGN_IDENTITY[sdk=iphoneos*]" = "iPhone Developer";
				COPY_PHASE_STRIP = NO;
				DEBUG_INFORMATION_FORMAT = dwarf;
				ENABLE_STRICT_OBJC_MSGSEND = YES;
				ENABLE_TESTABILITY = YES;
				GCC_C_LANGUAGE_STANDARD = gnu99;
				GCC_DYNAMIC_NO_PIC = NO;
				GCC_NO_COMMON_BLOCKS = YES;
				GCC_OPTIMIZATION_LEVEL = 0;
				GCC_PREPROCESSOR_DEFINITIONS = (
					"DEBUG=1",
					"$(inherited)",
				);
				GCC_WARN_64_TO_32_BIT_CONVERSION = YES;
				GCC_WARN_ABOUT_RETURN_TYPE = YES_ERROR;
				GCC_WARN_UNDECLARED_SELECTOR = YES;
				GCC_WARN_UNINITIALIZED_AUTOS = YES_AGGRESSIVE;
				GCC_WARN_UNUSED_FUNCTION = YES;
				GCC_WARN_UNUSED_VARIABLE = YES;
				IPHONEOS_DEPLOYMENT_TARGET = 9.2;
				MTL_ENABLE_DEBUG_INFO = YES;
				ONLY_ACTIVE_ARCH = YES;
				SDKROOT = iphoneos;
			};
			name = Debug;
		};
		CFB238BC1C7DAF2600D86DE2 /* Release */ = {
			isa = XCBuildConfiguration;
			buildSettings = {
				ALWAYS_SEARCH_USER_PATHS = NO;
				CLANG_CXX_LANGUAGE_STANDARD = "gnu++0x";
				CLANG_CXX_LIBRARY = "libc++";
				CLANG_ENABLE_MODULES = YES;
				CLANG_ENABLE_OBJC_ARC = YES;
				CLANG_WARN_BOOL_CONVERSION = YES;
				CLANG_WARN_CONSTANT_CONVERSION = YES;
				CLANG_WARN_DIRECT_OBJC_ISA_USAGE = YES_ERROR;
				CLANG_WARN_EMPTY_BODY = YES;
				CLANG_WARN_ENUM_CONVERSION = YES;
				CLANG_WARN_INT_CONVERSION = YES;
				CLANG_WARN_OBJC_ROOT_CLASS = YES_ERROR;
				CLANG_WARN_UNREACHABLE_CODE = YES;
				CLANG_WARN__DUPLICATE_METHOD_MATCH = YES;
				"CODE_SIGN_IDENTITY[sdk=iphoneos*]" = "iPhone Developer";
				COPY_PHASE_STRIP = NO;
				DEBUG_INFORMATION_FORMAT = "dwarf-with-dsym";
				ENABLE_NS_ASSERTIONS = NO;
				ENABLE_STRICT_OBJC_MSGSEND = YES;
				GCC_C_LANGUAGE_STANDARD = gnu99;
				GCC_NO_COMMON_BLOCKS = YES;
				GCC_WARN_64_TO_32_BIT_CONVERSION = YES;
				GCC_WARN_ABOUT_RETURN_TYPE = YES_ERROR;
				GCC_WARN_UNDECLARED_SELECTOR = YES;
				GCC_WARN_UNINITIALIZED_AUTOS = YES_AGGRESSIVE;
				GCC_WARN_UNUSED_FUNCTION = YES;
				GCC_WARN_UNUSED_VARIABLE = YES;
				IPHONEOS_DEPLOYMENT_TARGET = 9.2;
				MTL_ENABLE_DEBUG_INFO = NO;
				SDKROOT = iphoneos;
				VALIDATE_PRODUCT = YES;
			};
			name = Release;
		};
		CFB238BE1C7DAF2600D86DE2 /* Debug */ = {
			isa = XCBuildConfiguration;
			buildSettings = {
				ASSETCATALOG_COMPILER_APPICON_NAME = AppIcon;
				INFOPLIST_FILE = Demo6_Slice/Info.plist;
				LD_RUNPATH_SEARCH_PATHS = "$(inherited) @executable_path/Frameworks";
				PRODUCT_BUNDLE_IDENTIFIER = "com.jiangsu.Demo6-Slice";
				PRODUCT_NAME = "$(TARGET_NAME)";
			};
			name = Debug;
		};
		CFB238BF1C7DAF2600D86DE2 /* Release */ = {
			isa = XCBuildConfiguration;
			buildSettings = {
				ASSETCATALOG_COMPILER_APPICON_NAME = AppIcon;
				INFOPLIST_FILE = Demo6_Slice/Info.plist;
				LD_RUNPATH_SEARCH_PATHS = "$(inherited) @executable_path/Frameworks";
				PRODUCT_BUNDLE_IDENTIFIER = "com.jiangsu.Demo6-Slice";
				PRODUCT_NAME = "$(TARGET_NAME)";
			};
			name = Release;
		};
		CFB238C11C7DAF2600D86DE2 /* Debug */ = {
			isa = XCBuildConfiguration;
			buildSettings = {
				BUNDLE_LOADER = "$(TEST_HOST)";
				INFOPLIST_FILE = Demo6_SliceTests/Info.plist;
				LD_RUNPATH_SEARCH_PATHS = "$(inherited) @executable_path/Frameworks @loader_path/Frameworks";
				PRODUCT_BUNDLE_IDENTIFIER = "com.jiangsu.Demo6-SliceTests";
				PRODUCT_NAME = "$(TARGET_NAME)";
				TEST_HOST = "$(BUILT_PRODUCTS_DIR)/Demo6_Slice.app/Demo6_Slice";
			};
			name = Debug;
		};
		CFB238C21C7DAF2600D86DE2 /* Release */ = {
			isa = XCBuildConfiguration;
			buildSettings = {
				BUNDLE_LOADER = "$(TEST_HOST)";
				INFOPLIST_FILE = Demo6_SliceTests/Info.plist;
				LD_RUNPATH_SEARCH_PATHS = "$(inherited) @executable_path/Frameworks @loader_path/Frameworks";
				PRODUCT_BUNDLE_IDENTIFIER = "com.jiangsu.Demo6-SliceTests";
				PRODUCT_NAME = "$(TARGET_NAME)";
				TEST_HOST = "$(BUILT_PRODUCTS_DIR)/Demo6_Slice.app/Demo6_Slice";
			};
			name = Release;
		};
		CFB238C41C7DAF2600D86DE2 /* Debug */ = {
			isa = XCBuildConfiguration;
			buildSettings = {
				INFOPLIST_FILE = Demo6_SliceUITests/Info.plist;
				LD_RUNPATH_SEARCH_PATHS = "$(inherited) @executable_path/Frameworks @loader_path/Frameworks";
				PRODUCT_BUNDLE_IDENTIFIER = "com.jiangsu.Demo6-SliceUITests";
				PRODUCT_NAME = "$(TARGET_NAME)";
				TEST_TARGET_NAME = Demo6_Slice;
				USES_XCTRUNNER = YES;
			};
			name = Debug;
		};
		CFB238C51C7DAF2600D86DE2 /* Release */ = {
			isa = XCBuildConfiguration;
			buildSettings = {
				INFOPLIST_FILE = Demo6_SliceUITests/Info.plist;
				LD_RUNPATH_SEARCH_PATHS = "$(inherited) @executable_path/Frameworks @loader_path/Frameworks";
				PRODUCT_BUNDLE_IDENTIFIER = "com.jiangsu.Demo6-SliceUITests";
				PRODUCT_NAME = "$(TARGET_NAME)";
				TEST_TARGET_NAME = Demo6_Slice;
				USES_XCTRUNNER = YES;
			};
			name = Release;
		};
/* End XCBuildConfiguration section */

/* Begin XCConfigurationList section */
		CFB2388B1C7DAF2600D86DE2 /* Build configuration list for PBXProject "Demo6_Slice" */ = {
			isa = XCConfigurationList;
			buildConfigurations = (
				CFB238BB1C7DAF2600D86DE2 /* Debug */,
				CFB238BC1C7DAF2600D86DE2 /* Release */,
			);
			defaultConfigurationIsVisible = 0;
			defaultConfigurationName = Release;
		};
		CFB238BD1C7DAF2600D86DE2 /* Build configuration list for PBXNativeTarget "Demo6_Slice" */ = {
			isa = XCConfigurationList;
			buildConfigurations = (
				CFB238BE1C7DAF2600D86DE2 /* Debug */,
				CFB238BF1C7DAF2600D86DE2 /* Release */,
			);
			defaultConfigurationIsVisible = 0;
		};
		CFB238C01C7DAF2600D86DE2 /* Build configuration list for PBXNativeTarget "Demo6_SliceTests" */ = {
			isa = XCConfigurationList;
			buildConfigurations = (
				CFB238C11C7DAF2600D86DE2 /* Debug */,
				CFB238C21C7DAF2600D86DE2 /* Release */,
			);
			defaultConfigurationIsVisible = 0;
		};
		CFB238C31C7DAF2600D86DE2 /* Build configuration list for PBXNativeTarget "Demo6_SliceUITests" */ = {
			isa = XCConfigurationList;
			buildConfigurations = (
				CFB238C41C7DAF2600D86DE2 /* Debug */,
				CFB238C51C7DAF2600D86DE2 /* Release */,
			);
			defaultConfigurationIsVisible = 0;
		};
/* End XCConfigurationList section */
	};
	rootObject = CFB238881C7DAF2600D86DE2 /* Project object */;
}
